// !$*UTF8*$!
{
  archiveVersion = 1;
  classes = {};
  objectVersion = 55;
  objects = {
    /* Build files */
    A_AppAssets = {isa = PBXBuildFile; fileRef = R_AppAssets; };
    A_AppSwift = {isa = PBXBuildFile; fileRef = R_AppSwift; };
    A_Home = {isa = PBXBuildFile; fileRef = R_Home; };
    A_Detect = {isa = PBXBuildFile; fileRef = R_Detect; };
    A_Export = {isa = PBXBuildFile; fileRef = R_Export; };
    A_Settings = {isa = PBXBuildFile; fileRef = R_Settings; };
    A_Paywall = {isa = PBXBuildFile; fileRef = R_Paywall; };
    A_Core1 = {isa = PBXBuildFile; fileRef = R_Core1; };
    A_Core2 = {isa = PBXBuildFile; fileRef = R_Core2; };
    A_Core3 = {isa = PBXBuildFile; fileRef = R_Core3; };
    A_Core4 = {isa = PBXBuildFile; fileRef = R_Core4; };
    A_Core5 = {isa = PBXBuildFile; fileRef = R_Core5; };
    A_Core6 = {isa = PBXBuildFile; fileRef = R_Core6; };
    A_Core7 = {isa = PBXBuildFile; fileRef = R_Core7; };
    A_Core8 = {isa = PBXBuildFile; fileRef = R_Core8; };
    A_Core9 = {isa = PBXBuildFile; fileRef = R_Core9; };
    A_Core10 = {isa = PBXBuildFile; fileRef = R_Core10; };
    A_Core11 = {isa = PBXBuildFile; fileRef = R_Core11; };
    A_Core12 = {isa = PBXBuildFile; fileRef = R_Core12; };
    A_AppEnt = {isa = PBXBuildFile; fileRef = R_AppEnt; };
    E1_Src = {isa = PBXBuildFile; fileRef = R_E1_Src; };
    E1_Storyboard = {isa = PBXBuildFile; fileRef = R_E1_Storyboard; };
    E2_Src = {isa = PBXBuildFile; fileRef = R_E2_Src; };
    E2_Storyboard = {isa = PBXBuildFile; fileRef = R_E2_Storyboard; };
    Embed_E1 = {isa = PBXBuildFile; fileRef = P_E1; };
    Embed_E2 = {isa = PBXBuildFile; fileRef = P_E2; };
    T_Src = {isa = PBXBuildFile; fileRef = R_T_Swift; };
    /* File references */
    R_Project = {isa = PBXFileReference; lastKnownFileType = "wrapper.pb-project"; path = "ShareClean.xcodeproj"; };
    R_AppPlist = {isa = PBXFileReference; lastKnownFileType = text.plist.xml; path = Info.plist; sourceTree = "<group>"; };
    R_AppAssets = {isa = PBXFileReference; lastKnownFileType = folder.assetcatalog; path = Assets.xcassets; sourceTree = "<group>"; };
    R_AppEnt = {isa = PBXFileReference; lastKnownFileType = text.plist.entitlements; path = ShareClean.entitlements; sourceTree = "<group>"; };
    R_AppSwift = {isa = PBXFileReference; lastKnownFileType = sourcecode.swift; path = App.swift; sourceTree = "<group>"; };
    R_Home = {isa = PBXFileReference; lastKnownFileType = sourcecode.swift; path = HomeView.swift; sourceTree = "<group>"; };
    R_Detect = {isa = PBXFileReference; lastKnownFileType = sourcecode.swift; path = DetectView.swift; sourceTree = "<group>"; };
    R_Export = {isa = PBXFileReference; lastKnownFileType = sourcecode.swift; path = ExportView.swift; sourceTree = "<group>"; };
    R_Settings = {isa = PBXFileReference; lastKnownFileType = sourcecode.swift; path = SettingsView.swift; sourceTree = "<group>"; };
    R_Paywall = {isa = PBXFileReference; lastKnownFileType = sourcecode.swift; path = PaywallView.swift; sourceTree = "<group>"; };
    R_Core1 = {isa = PBXFileReference; lastKnownFileType = sourcecode.swift; path = DetectionSettings.swift; sourceTree = "<group>"; };
    R_Core2 = {isa = PBXFileReference; lastKnownFileType = sourcecode.swift; path = RegexLibrary.swift; sourceTree = "<group>"; };
    R_Core3 = {isa = PBXFileReference; lastKnownFileType = sourcecode.swift; path = Geometry.swift; sourceTree = "<group>"; };
    R_Core4 = {isa = PBXFileReference; lastKnownFileType = sourcecode.swift; path = RedactionMask.swift; sourceTree = "<group>"; };
    R_Core5 = {isa = PBXFileReference; lastKnownFileType = sourcecode.swift; path = VisionDetector.swift; sourceTree = "<group>"; };
    R_Core6 = {isa = PBXFileReference; lastKnownFileType = sourcecode.swift; path = RedactionRenderer.swift; sourceTree = "<group>"; };
    R_Core7 = {isa = PBXFileReference; lastKnownFileType = sourcecode.swift; path = VerifyService.swift; sourceTree = "<group>"; };
    R_Core8 = {isa = PBXFileReference; lastKnownFileType = sourcecode.swift; path = EXIFStripper.swift; sourceTree = "<group>"; };
    R_Core9 = {isa = PBXFileReference; lastKnownFileType = sourcecode.swift; path = PhotoLibraryManager.swift; sourceTree = "<group>"; };
    R_Core10 = {isa = PBXFileReference; lastKnownFileType = sourcecode.swift; path = QuotaManager.swift; sourceTree = "<group>"; };
    R_Core11 = {isa = PBXFileReference; lastKnownFileType = sourcecode.swift; path = IAPManager.swift; sourceTree = "<group>"; };
    R_Core12 = {isa = PBXFileReference; lastKnownFileType = sourcecode.swift; path = ImageModel.swift; sourceTree = "<group>"; };
    R_E1_Plist = {isa = PBXFileReference; lastKnownFileType = text.plist.xml; path = Info.plist; sourceTree = "<group>"; };
    R_E1_Src = {isa = PBXFileReference; lastKnownFileType = sourcecode.swift; path = ActionViewController.swift; sourceTree = "<group>"; };
    R_E1_Storyboard = {isa = PBXFileReference; lastKnownFileType = file.storyboard; path = MainInterface.storyboard; sourceTree = "<group>"; };
    R_E1_Ent = {isa = PBXFileReference; lastKnownFileType = text.plist.entitlements; path = ShareCleanAction.entitlements; sourceTree = "<group>"; };
    R_E2_Plist = {isa = PBXFileReference; lastKnownFileType = text.plist.xml; path = Info.plist; sourceTree = "<group>"; };
    R_E2_Src = {isa = PBXFileReference; lastKnownFileType = sourcecode.swift; path = PhotoEditingViewController.swift; sourceTree = "<group>"; };
    R_E2_Storyboard = {isa = PBXFileReference; lastKnownFileType = file.storyboard; path = MainInterface.storyboard; sourceTree = "<group>"; };
    R_E2_Ent = {isa = PBXFileReference; lastKnownFileType = text.plist.entitlements; path = ShareCleanPhotoEdit.entitlements; sourceTree = "<group>"; };
    R_T_Swift = {isa = PBXFileReference; lastKnownFileType = sourcecode.swift; path = ShareCleanTests.swift; sourceTree = "<group>"; };
    P_App = {isa = PBXFileReference; explicitFileType = wrapper.application; path = ShareClean.app; sourceTree = BUILT_PRODUCTS_DIR; };
    P_E1 = {isa = PBXFileReference; explicitFileType = "wrapper.app-extension"; path = ShareCleanAction.appex; sourceTree = BUILT_PRODUCTS_DIR; };
    P_E2 = {isa = PBXFileReference; explicitFileType = "wrapper.app-extension"; path = ShareCleanPhotoEdit.appex; sourceTree = BUILT_PRODUCTS_DIR; };
    P_Tests = {isa = PBXFileReference; explicitFileType = wrapper.cfbundle; path = ShareCleanTests.xctest; sourceTree = BUILT_PRODUCTS_DIR; };
    /* Groups */
    G_Root = {isa = PBXGroup; children = (G_App, G_Ext1, G_Ext2, G_Tests, G_Products); sourceTree = "<group>"; };
    G_App = {isa = PBXGroup; path = ShareClean; sourceTree = "<group>"; children = (R_AppPlist, G_Res, G_Views, G_Core, R_AppEnt); };
    G_Res = {isa = PBXGroup; path = Resources; sourceTree = "<group>"; children = (R_AppAssets); };
    G_Views = {isa = PBXGroup; path = Views; sourceTree = "<group>"; children = (R_AppSwift, R_Home, R_Detect, R_Export, R_Settings, R_Paywall); };
    G_Core = {isa = PBXGroup; path = Core; sourceTree = "<group>"; children = (R_Core1,R_Core2,R_Core3,R_Core4,R_Core5,R_Core6,R_Core7,R_Core8,R_Core9,R_Core10,R_Core11,R_Core12); };
    G_Ext1 = {isa = PBXGroup; path = ShareCleanAction; sourceTree = "<group>"; children = (R_E1_Plist, R_E1_Src, R_E1_Storyboard, R_E1_Ent); };
    G_Ext2 = {isa = PBXGroup; path = ShareCleanPhotoEdit; sourceTree = "<group>"; children = (R_E2_Plist, R_E2_Src, R_E2_Storyboard, R_E2_Ent); };
    G_Tests = {isa = PBXGroup; path = ShareCleanTests; sourceTree = "<group>"; children = (R_T_Swift); };
    G_Products = {isa = PBXGroup; name = Products; sourceTree = "<group>"; children = (P_App, P_E1, P_E2, P_Tests); };
    /* Targets */
    T_App = {isa = PBXNativeTarget; name = ShareClean; productName = ShareClean; productType = "com.apple.product-type.application"; productReference = P_App; buildConfigurationList = C_AppConfigs; buildPhases = (BP_AppSources,BP_AppFrameworks,BP_AppResources,BP_EmbedExt); };
    T_E1 = {isa = PBXNativeTarget; name = ShareCleanAction; productName = ShareCleanAction; productType = "com.apple.product-type.app-extension"; productReference = P_E1; buildConfigurationList = C_E1Configs; buildPhases = (BP_E1Sources,BP_E1Frameworks,BP_E1Resources); };
    T_E2 = {isa = PBXNativeTarget; name = ShareCleanPhotoEdit; productName = ShareCleanPhotoEdit; productType = "com.apple.product-type.app-extension"; productReference = P_E2; buildConfigurationList = C_E2Configs; buildPhases = (BP_E2Sources,BP_E2Frameworks,BP_E2Resources); };
    T_Tests = {isa = PBXNativeTarget; name = ShareCleanTests; productName = ShareCleanTests; productType = "com.apple.product-type.bundle.unit-test"; productReference = P_Tests; buildConfigurationList = C_TestsConfigs; buildPhases = (BP_TestsSources,BP_TestsFrameworks,BP_TestsResources); };
    /* Project */
    PROJ = {isa = PBXProject; attributes = {LastSwiftUpdateCheck = 1500; LastUpgradeCheck = 1500;}; buildConfigurationList = C_ProjConfigs; compatibilityVersion = "Xcode 15.0"; developmentRegion = en; mainGroup = G_Root; productRefGroup = G_Products; targets = (T_App,T_E1,T_E2,T_Tests); };
    /* Build phases */
    BP_AppSources = {isa = PBXSourcesBuildPhase; files = (A_AppSwift,A_Home,A_Detect,A_Export,A_Settings,A_Paywall,A_Core1,A_Core2,A_Core3,A_Core4,A_Core5,A_Core6,A_Core7,A_Core8,A_Core9,A_Core10,A_Core11,A_Core12); };
    BP_AppFrameworks = {isa = PBXFrameworksBuildPhase; files = (); };
    BP_AppResources = {isa = PBXResourcesBuildPhase; files = (A_AppAssets); };
    BP_EmbedExt = {isa = PBXCopyFilesBuildPhase; dstSubfolderSpec = 13; files = (Embed_E1, Embed_E2); name = "Embed App Extensions"; };
    BP_E1Sources = {isa = PBXSourcesBuildPhase; files = (E1_Src,A_Core1,A_Core2,A_Core3,A_Core4,A_Core5,A_Core6,A_Core7,A_Core8,A_Core10); };
    BP_E1Frameworks = {isa = PBXFrameworksBuildPhase; files = (); };
    BP_E1Resources = {isa = PBXResourcesBuildPhase; files = (E1_Storyboard); };
    BP_E2Sources = {isa = PBXSourcesBuildPhase; files = (E2_Src,A_Core1,A_Core2,A_Core3,A_Core4,A_Core5,A_Core6,A_Core7,A_Core8,A_Core10); };
    BP_E2Frameworks = {isa = PBXFrameworksBuildPhase; files = (); };
    BP_E2Resources = {isa = PBXResourcesBuildPhase; files = (E2_Storyboard); };
    BP_TestsSources = {isa = PBXSourcesBuildPhase; files = (T_Src); };
    BP_TestsFrameworks = {isa = PBXFrameworksBuildPhase; files = (); };
    BP_TestsResources = {isa = PBXResourcesBuildPhase; files = (); };
    /* Configurations */
    C_ProjDebug = {isa = XCBuildConfiguration; name = Debug; buildSettings = {SWIFT_VERSION=5.0; IPHONEOS_DEPLOYMENT_TARGET=13.0; DEVELOPMENT_TEAM="";}; };
    C_ProjRelease = {isa = XCBuildConfiguration; name = Release; buildSettings = {SWIFT_VERSION=5.0; IPHONEOS_DEPLOYMENT_TARGET=13.0; DEVELOPMENT_TEAM="";}; };
    C_ProjConfigs = {isa = XCConfigurationList; buildConfigurations = (C_ProjDebug, C_ProjRelease); defaultConfigurationName = Release; };
    C_AppDebug = {isa = XCBuildConfiguration; name = Debug; buildSettings = {INFOPLIST_FILE=ShareClean/Info.plist; PRODUCT_BUNDLE_IDENTIFIER=com.yourcompany.ShareClean; CODE_SIGN_STYLE=Automatic; CODE_SIGN_ENTITLEMENTS="ShareClean/ShareClean.entitlements"; ASSETCATALOG_COMPILER_APPICON_NAME=AppIcon; SWIFT_VERSION=5.0; IPHONEOS_DEPLOYMENT_TARGET=13.0;}; };
    C_AppRelease = {isa = XCBuildConfiguration; name = Release; buildSettings = {INFOPLIST_FILE=ShareClean/Info.plist; PRODUCT_BUNDLE_IDENTIFIER=com.yourcompany.ShareClean; CODE_SIGN_STYLE=Automatic; CODE_SIGN_ENTITLEMENTS="ShareClean/ShareClean.entitlements"; ASSETCATALOG_COMPILER_APPICON_NAME=AppIcon; SWIFT_VERSION=5.0; IPHONEOS_DEPLOYMENT_TARGET=13.0;}; };
    C_AppConfigs = {isa = XCConfigurationList; buildConfigurations = (C_AppDebug, C_AppRelease); defaultConfigurationName = Release; };
    C_E1Debug = {isa = XCBuildConfiguration; name = Debug; buildSettings = {INFOPLIST_FILE=ShareCleanAction/Info.plist; PRODUCT_BUNDLE_IDENTIFIER=com.yourcompany.ShareClean.Action; CODE_SIGN_STYLE=Automatic; CODE_SIGN_ENTITLEMENTS="ShareCleanAction/ShareCleanAction.entitlements"; SWIFT_VERSION=5.0; IPHONEOS_DEPLOYMENT_TARGET=13.0;}; };
    C_E1Release = {isa = XCBuildConfiguration; name = Release; buildSettings = {INFOPLIST_FILE=ShareCleanAction/Info.plist; PRODUCT_BUNDLE_IDENTIFIER=com.yourcompany.ShareClean.Action; CODE_SIGN_STYLE=Automatic; CODE_SIGN_ENTITLEMENTS="ShareCleanAction/ShareCleanAction.entitlements"; SWIFT_VERSION=5.0; IPHONEOS_DEPLOYMENT_TARGET=13.0;}; };
    C_E1Configs = {isa = XCConfigurationList; buildConfigurations = (C_E1Debug, C_E1Release); defaultConfigurationName = Release; };
    C_E2Debug = {isa = XCBuildConfiguration; name = Debug; buildSettings = {INFOPLIST_FILE=ShareCleanPhotoEdit/Info.plist; PRODUCT_BUNDLE_IDENTIFIER=com.yourcompany.ShareClean.PhotoEdit; CODE_SIGN_STYLE=Automatic; CODE_SIGN_ENTITLEMENTS="ShareCleanPhotoEdit/ShareCleanPhotoEdit.entitlements"; SWIFT_VERSION=5.0; IPHONEOS_DEPLOYMENT_TARGET=13.0;}; };
    C_E2Release = {isa = XCBuildConfiguration; name = Release; buildSettings = {INFOPLIST_FILE=ShareCleanPhotoEdit/Info.plist; PRODUCT_BUNDLE_IDENTIFIER=com.yourcompany.ShareClean.PhotoEdit; CODE_SIGN_STYLE=Automatic; CODE_SIGN_ENTITLEMENTS="ShareCleanPhotoEdit/ShareCleanPhotoEdit.entitlements"; SWIFT_VERSION=5.0; IPHONEOS_DEPLOYMENT_TARGET=13.0;}; };
    C_E2Configs = {isa = XCConfigurationList; buildConfigurations = (C_E2Debug, C_E2Release); defaultConfigurationName = Release; };
    C_TestsDebug = {isa = XCBuildConfiguration; name = Debug; buildSettings = {SWIFT_VERSION=5.0; IPHONEOS_DEPLOYMENT_TARGET=13.0;}; };
    C_TestsRelease = {isa = XCBuildConfiguration; name = Release; buildSettings = {SWIFT_VERSION=5.0; IPHONEOS_DEPLOYMENT_TARGET=13.0;}; };
    C_TestsConfigs = {isa = XCConfigurationList; buildConfigurations = (C_TestsDebug, C_TestsRelease); defaultConfigurationName = Release; };
  };
  rootObject = PROJ;
}
